
Microsoft Visual Studio Solution File, Format Version 12.00
# Visual Studio Version 16
VisualStudioVersion = 16.0.32428.217
MinimumVisualStudioVersion = 10.0.40219.1
Project("{8BC9CEB8-8B4A-11D0-8D11-00A0C91BC942}") = "question1182", "question1182\question1182.vcxproj", "{8682257D-23C0-4270-9E5D-8B145BD92DAE}"
EndProject
Global
	GlobalSection(SolutionConfigurationPlatforms) = preSolution
		Debug|x64 = Debug|x64
		Debug|x86 = Debug|x86
		Release|x64 = Release|x64
		Release|x86 = Release|x86
	EndGlobalSection
	GlobalSection(ProjectConfigurationPlatforms) = postSolution
		{8682257D-23C0-4270-9E5D-8B145BD92DAE}.Debug|x64.ActiveCfg = Debug|x64
		{8682257D-23C0-4270-9E5D-8B145BD92DAE}.Debug|x64.Build.0 = Debug|x64
		{8682257D-23C0-4270-9E5D-8B145BD92DAE}.Debug|x86.ActiveCfg = Debug|Win32
		{8682257D-23C0-4270-9E5D-8B145BD92DAE}.Debug|x86.Build.0 = Debug|Win32
		{8682257D-23C0-4270-9E5D-8B145BD92DAE}.Release|x64.ActiveCfg = Release|x64
		{8682257D-23C0-4270-9E5D-8B145BD92DAE}.Release|x64.Build.0 = Release|x64
		{8682257D-23C0-4270-9E5D-8B145BD92DAE}.Release|x86.ActiveCfg = Release|Win32
		{8682257D-23C0-4270-9E5D-8B145BD92DAE}.Release|x86.Build.0 = Release|Win32
	EndGlobalSection
	GlobalSection(SolutionProperties) = preSolution
		HideSolutionNode = FALSE
	EndGlobalSection
	GlobalSection(ExtensibilityGlobals) = postSolution
		SolutionGuid = {8191E641-388D-4D8A-9EB8-66E9FCBF05A8}
	EndGlobalSection
EndGlobal
