
Microsoft Visual Studio Solution File, Format Version 12.00
# Visual Studio Version 16
VisualStudioVersion = 16.0.32228.343
MinimumVisualStudioVersion = 10.0.40219.1
Project("{8BC9CEB8-8B4A-11D0-8D11-00A0C91BC942}") = "question1620", "question1620\question1620.vcxproj", "{9DD97D12-3B0B-4B33-B4E9-501A4AD8C0AC}"
EndProject
Global
	GlobalSection(SolutionConfigurationPlatforms) = preSolution
		Debug|x64 = Debug|x64
		Debug|x86 = Debug|x86
		Release|x64 = Release|x64
		Release|x86 = Release|x86
	EndGlobalSection
	GlobalSection(ProjectConfigurationPlatforms) = postSolution
		{9DD97D12-3B0B-4B33-B4E9-501A4AD8C0AC}.Debug|x64.ActiveCfg = Debug|x64
		{9DD97D12-3B0B-4B33-B4E9-501A4AD8C0AC}.Debug|x64.Build.0 = Debug|x64
		{9DD97D12-3B0B-4B33-B4E9-501A4AD8C0AC}.Debug|x86.ActiveCfg = Debug|Win32
		{9DD97D12-3B0B-4B33-B4E9-501A4AD8C0AC}.Debug|x86.Build.0 = Debug|Win32
		{9DD97D12-3B0B-4B33-B4E9-501A4AD8C0AC}.Release|x64.ActiveCfg = Release|x64
		{9DD97D12-3B0B-4B33-B4E9-501A4AD8C0AC}.Release|x64.Build.0 = Release|x64
		{9DD97D12-3B0B-4B33-B4E9-501A4AD8C0AC}.Release|x86.ActiveCfg = Release|Win32
		{9DD97D12-3B0B-4B33-B4E9-501A4AD8C0AC}.Release|x86.Build.0 = Release|Win32
	EndGlobalSection
	GlobalSection(SolutionProperties) = preSolution
		HideSolutionNode = FALSE
	EndGlobalSection
	GlobalSection(ExtensibilityGlobals) = postSolution
		SolutionGuid = {FDA944C9-CB3F-4933-85BD-C1BD10D75202}
	EndGlobalSection
EndGlobal
